
Microsoft Visual Studio Solution File, Format Version 12.00
# Visual Studio Version 17
VisualStudioVersion = 17.8.34316.72
MinimumVisualStudioVersion = 10.0.40219.1
Project("{888888A0-9F3D-457C-B088-3A5042F75D52}") = "chatgpt-on-wechat", "chatgpt-on-wechat.pyproj", "{0DE05281-EF27-4FB8-9A78-5ECD93C0CC62}"
EndProject
Global
	GlobalSection(SolutionConfigurationPlatforms) = preSolution
		Debug|Any CPU = Debug|Any CPU
		Release|Any CPU = Release|Any CPU
	EndGlobalSection
	GlobalSection(ProjectConfigurationPlatforms) = postSolution
		{0DE05281-EF27-4FB8-9A78-5ECD93C0CC62}.Debug|Any CPU.ActiveCfg = Debug|Any CPU
		{0DE05281-EF27-4FB8-9A78-5ECD93C0CC62}.Release|Any CPU.ActiveCfg = Release|Any CPU
	EndGlobalSection
	GlobalSection(SolutionProperties) = preSolution
		HideSolutionNode = FALSE
	EndGlobalSection
	GlobalSection(ExtensibilityGlobals) = postSolution
		SolutionGuid = {F7875173-9C47-4B66-B4F8-EE2A2E91A2C5}
	EndGlobalSection
EndGlobal
